
Microsoft Visual Studio Solution File, Format Version 11.00
# Visual Studio 2010
Project("{FAE04EC0-301F-11D3-BF4B-00C04F79EFBC}") = "Main_Server", "Main_Server\Main_Server.csproj", "{0F1CCF14-E294-4CDF-B565-A6A987F31258}"
EndProject
Global
	GlobalSection(SolutionConfigurationPlatforms) = preSolution
		Debug|Any CPU = Debug|Any CPU
		Release|Any CPU = Release|Any CPU
	EndGlobalSection
	GlobalSection(ProjectConfigurationPlatforms) = postSolution
		{0F1CCF14-E294-4CDF-B565-A6A987F31258}.Debug|Any CPU.ActiveCfg = Debug|Any CPU
		{0F1CCF14-E294-4CDF-B565-A6A987F31258}.Debug|Any CPU.Build.0 = Debug|Any CPU
		{0F1CCF14-E294-4CDF-B565-A6A987F31258}.Release|Any CPU.ActiveCfg = Release|Any CPU
		{0F1CCF14-E294-4CDF-B565-A6A987F31258}.Release|Any CPU.Build.0 = Release|Any CPU
	EndGlobalSection
	GlobalSection(SolutionProperties) = preSolution
		HideSolutionNode = FALSE
	EndGlobalSection
EndGlobal
